
Microsoft Visual Studio Solution File, Format Version 12.00
# Visual Studio Version 17
VisualStudioVersion = 17.4.33213.308
MinimumVisualStudioVersion = 10.0.40219.1
Project("{FAE04EC0-301F-11D3-BF4B-00C04F79EFBC}") = "Listary.FileAppPlugin", "Listary.FileAppPlugin\Listary.FileAppPlugin.csproj", "{9A6B9F98-17B8-49C5-8FE8-8D5F6E16A52C}"
EndProject
Global
	GlobalSection(SolutionConfigurationPlatforms) = preSolution
		Debug|Any CPU = Debug|Any CPU
		Release|Any CPU = Release|Any CPU
	EndGlobalSection
	GlobalSection(ProjectConfigurationPlatforms) = postSolution
		{9A6B9F98-17B8-49C5-8FE8-8D5F6E16A52C}.Debug|Any CPU.ActiveCfg = Debug|Any CPU
		{9A6B9F98-17B8-49C5-8FE8-8D5F6E16A52C}.Debug|Any CPU.Build.0 = Debug|Any CPU
		{9A6B9F98-17B8-49C5-8FE8-8D5F6E16A52C}.Release|Any CPU.ActiveCfg = Release|Any CPU
		{9A6B9F98-17B8-49C5-8FE8-8D5F6E16A52C}.Release|Any CPU.Build.0 = Release|Any CPU
	EndGlobalSection
	GlobalSection(SolutionProperties) = preSolution
		HideSolutionNode = FALSE
	EndGlobalSection
	GlobalSection(ExtensibilityGlobals) = postSolution
		SolutionGuid = {FAFE9D19-7064-4BAF-B907-577BAED956FC}
	EndGlobalSection
EndGlobal
